
Microsoft Visual Studio Solution File, Format Version 12.00
# Visual Studio 15
VisualStudioVersion = 15.0.28307.1062
MinimumVisualStudioVersion = 10.0.40219.1
Project("{8BC9CEB8-8B4A-11D0-8D11-00A0C91BC942}") = "12-2", "12-2\12-2.vcxproj", "{A63F51C9-79C8-429A-8D66-82D9D7FF893E}"
EndProject
Global
	GlobalSection(SolutionConfigurationPlatforms) = preSolution
		Debug|x64 = Debug|x64
		Debug|x86 = Debug|x86
		Release|x64 = Release|x64
		Release|x86 = Release|x86
	EndGlobalSection
	GlobalSection(ProjectConfigurationPlatforms) = postSolution
		{A63F51C9-79C8-429A-8D66-82D9D7FF893E}.Debug|x64.ActiveCfg = Debug|x64
		{A63F51C9-79C8-429A-8D66-82D9D7FF893E}.Debug|x64.Build.0 = Debug|x64
		{A63F51C9-79C8-429A-8D66-82D9D7FF893E}.Debug|x86.ActiveCfg = Debug|Win32
		{A63F51C9-79C8-429A-8D66-82D9D7FF893E}.Debug|x86.Build.0 = Debug|Win32
		{A63F51C9-79C8-429A-8D66-82D9D7FF893E}.Release|x64.ActiveCfg = Release|x64
		{A63F51C9-79C8-429A-8D66-82D9D7FF893E}.Release|x64.Build.0 = Release|x64
		{A63F51C9-79C8-429A-8D66-82D9D7FF893E}.Release|x86.ActiveCfg = Release|Win32
		{A63F51C9-79C8-429A-8D66-82D9D7FF893E}.Release|x86.Build.0 = Release|Win32
	EndGlobalSection
	GlobalSection(SolutionProperties) = preSolution
		HideSolutionNode = FALSE
	EndGlobalSection
	GlobalSection(ExtensibilityGlobals) = postSolution
		SolutionGuid = {6F19506A-7451-4EA4-A4CD-7A7D560D6BF2}
	EndGlobalSection
EndGlobal
