
Microsoft Visual Studio Solution File, Format Version 12.00
# Visual Studio 15
VisualStudioVersion = 15.0.28307.1062
MinimumVisualStudioVersion = 10.0.40219.1
Project("{8BC9CEB8-8B4A-11D0-8D11-00A0C91BC942}") = "12-5-2", "12-5-2\12-5-2.vcxproj", "{64513DE7-A3E2-4CC1-8ABC-623238C5A45C}"
EndProject
Global
	GlobalSection(SolutionConfigurationPlatforms) = preSolution
		Debug|x64 = Debug|x64
		Debug|x86 = Debug|x86
		Release|x64 = Release|x64
		Release|x86 = Release|x86
	EndGlobalSection
	GlobalSection(ProjectConfigurationPlatforms) = postSolution
		{64513DE7-A3E2-4CC1-8ABC-623238C5A45C}.Debug|x64.ActiveCfg = Debug|x64
		{64513DE7-A3E2-4CC1-8ABC-623238C5A45C}.Debug|x64.Build.0 = Debug|x64
		{64513DE7-A3E2-4CC1-8ABC-623238C5A45C}.Debug|x86.ActiveCfg = Debug|Win32
		{64513DE7-A3E2-4CC1-8ABC-623238C5A45C}.Debug|x86.Build.0 = Debug|Win32
		{64513DE7-A3E2-4CC1-8ABC-623238C5A45C}.Release|x64.ActiveCfg = Release|x64
		{64513DE7-A3E2-4CC1-8ABC-623238C5A45C}.Release|x64.Build.0 = Release|x64
		{64513DE7-A3E2-4CC1-8ABC-623238C5A45C}.Release|x86.ActiveCfg = Release|Win32
		{64513DE7-A3E2-4CC1-8ABC-623238C5A45C}.Release|x86.Build.0 = Release|Win32
	EndGlobalSection
	GlobalSection(SolutionProperties) = preSolution
		HideSolutionNode = FALSE
	EndGlobalSection
	GlobalSection(ExtensibilityGlobals) = postSolution
		SolutionGuid = {4446E8EE-32A7-49D5-B19A-44D3A6F88D17}
	EndGlobalSection
EndGlobal
