
Microsoft Visual Studio Solution File, Format Version 12.00
# Visual Studio 15
VisualStudioVersion = 15.0.28307.1062
MinimumVisualStudioVersion = 10.0.40219.1
Project("{8BC9CEB8-8B4A-11D0-8D11-00A0C91BC942}") = "11-6", "11-6\11-6.vcxproj", "{BA8E8C82-4719-4E0A-BC84-0A4B7379B499}"
EndProject
Global
	GlobalSection(SolutionConfigurationPlatforms) = preSolution
		Debug|x64 = Debug|x64
		Debug|x86 = Debug|x86
		Release|x64 = Release|x64
		Release|x86 = Release|x86
	EndGlobalSection
	GlobalSection(ProjectConfigurationPlatforms) = postSolution
		{BA8E8C82-4719-4E0A-BC84-0A4B7379B499}.Debug|x64.ActiveCfg = Debug|x64
		{BA8E8C82-4719-4E0A-BC84-0A4B7379B499}.Debug|x64.Build.0 = Debug|x64
		{BA8E8C82-4719-4E0A-BC84-0A4B7379B499}.Debug|x86.ActiveCfg = Debug|Win32
		{BA8E8C82-4719-4E0A-BC84-0A4B7379B499}.Debug|x86.Build.0 = Debug|Win32
		{BA8E8C82-4719-4E0A-BC84-0A4B7379B499}.Release|x64.ActiveCfg = Release|x64
		{BA8E8C82-4719-4E0A-BC84-0A4B7379B499}.Release|x64.Build.0 = Release|x64
		{BA8E8C82-4719-4E0A-BC84-0A4B7379B499}.Release|x86.ActiveCfg = Release|Win32
		{BA8E8C82-4719-4E0A-BC84-0A4B7379B499}.Release|x86.Build.0 = Release|Win32
	EndGlobalSection
	GlobalSection(SolutionProperties) = preSolution
		HideSolutionNode = FALSE
	EndGlobalSection
	GlobalSection(ExtensibilityGlobals) = postSolution
		SolutionGuid = {870FEF6C-EEB4-4519-B47B-5BE05A7A847D}
	EndGlobalSection
EndGlobal
