
Microsoft Visual Studio Solution File, Format Version 12.00
# Visual Studio 15
VisualStudioVersion = 15.0.28307.1525
MinimumVisualStudioVersion = 10.0.40219.1
Project("{8BC9CEB8-8B4A-11D0-8D11-00A0C91BC942}") = "test_7.27", "test_7.27\test_7.27.vcxproj", "{96934A78-EBEB-449D-9E9A-9858BF4E7ABE}"
EndProject
Global
	GlobalSection(SolutionConfigurationPlatforms) = preSolution
		Debug|x64 = Debug|x64
		Debug|x86 = Debug|x86
		Release|x64 = Release|x64
		Release|x86 = Release|x86
	EndGlobalSection
	GlobalSection(ProjectConfigurationPlatforms) = postSolution
		{96934A78-EBEB-449D-9E9A-9858BF4E7ABE}.Debug|x64.ActiveCfg = Debug|x64
		{96934A78-EBEB-449D-9E9A-9858BF4E7ABE}.Debug|x64.Build.0 = Debug|x64
		{96934A78-EBEB-449D-9E9A-9858BF4E7ABE}.Debug|x86.ActiveCfg = Debug|Win32
		{96934A78-EBEB-449D-9E9A-9858BF4E7ABE}.Debug|x86.Build.0 = Debug|Win32
		{96934A78-EBEB-449D-9E9A-9858BF4E7ABE}.Release|x64.ActiveCfg = Release|x64
		{96934A78-EBEB-449D-9E9A-9858BF4E7ABE}.Release|x64.Build.0 = Release|x64
		{96934A78-EBEB-449D-9E9A-9858BF4E7ABE}.Release|x86.ActiveCfg = Release|Win32
		{96934A78-EBEB-449D-9E9A-9858BF4E7ABE}.Release|x86.Build.0 = Release|Win32
	EndGlobalSection
	GlobalSection(SolutionProperties) = preSolution
		HideSolutionNode = FALSE
	EndGlobalSection
	GlobalSection(ExtensibilityGlobals) = postSolution
		SolutionGuid = {6AA7ECE3-68C1-4AAF-9C92-7E576C03DA84}
	EndGlobalSection
EndGlobal
