
Microsoft Visual Studio Solution File, Format Version 12.00
# Visual Studio 15
VisualStudioVersion = 15.0.28307.1062
MinimumVisualStudioVersion = 10.0.40219.1
Project("{8BC9CEB8-8B4A-11D0-8D11-00A0C91BC942}") = "9-28-3", "9-28-3\9-28-3.vcxproj", "{7C8D156E-B538-4FDC-B2D3-D484C284670B}"
EndProject
Global
	GlobalSection(SolutionConfigurationPlatforms) = preSolution
		Debug|x64 = Debug|x64
		Debug|x86 = Debug|x86
		Release|x64 = Release|x64
		Release|x86 = Release|x86
	EndGlobalSection
	GlobalSection(ProjectConfigurationPlatforms) = postSolution
		{7C8D156E-B538-4FDC-B2D3-D484C284670B}.Debug|x64.ActiveCfg = Debug|x64
		{7C8D156E-B538-4FDC-B2D3-D484C284670B}.Debug|x64.Build.0 = Debug|x64
		{7C8D156E-B538-4FDC-B2D3-D484C284670B}.Debug|x86.ActiveCfg = Debug|Win32
		{7C8D156E-B538-4FDC-B2D3-D484C284670B}.Debug|x86.Build.0 = Debug|Win32
		{7C8D156E-B538-4FDC-B2D3-D484C284670B}.Release|x64.ActiveCfg = Release|x64
		{7C8D156E-B538-4FDC-B2D3-D484C284670B}.Release|x64.Build.0 = Release|x64
		{7C8D156E-B538-4FDC-B2D3-D484C284670B}.Release|x86.ActiveCfg = Release|Win32
		{7C8D156E-B538-4FDC-B2D3-D484C284670B}.Release|x86.Build.0 = Release|Win32
	EndGlobalSection
	GlobalSection(SolutionProperties) = preSolution
		HideSolutionNode = FALSE
	EndGlobalSection
	GlobalSection(ExtensibilityGlobals) = postSolution
		SolutionGuid = {317BE682-7C6E-4DF5-A31E-BD43F979E27D}
	EndGlobalSection
EndGlobal
