
Microsoft Visual Studio Solution File, Format Version 12.00
# Visual Studio 15
VisualStudioVersion = 15.0.28307.1062
MinimumVisualStudioVersion = 10.0.40219.1
Project("{8BC9CEB8-8B4A-11D0-8D11-00A0C91BC942}") = "11-15", "11-15\11-15.vcxproj", "{FEF7FBEC-51FF-425F-B036-96229D73006C}"
EndProject
Global
	GlobalSection(SolutionConfigurationPlatforms) = preSolution
		Debug|x64 = Debug|x64
		Debug|x86 = Debug|x86
		Release|x64 = Release|x64
		Release|x86 = Release|x86
	EndGlobalSection
	GlobalSection(ProjectConfigurationPlatforms) = postSolution
		{FEF7FBEC-51FF-425F-B036-96229D73006C}.Debug|x64.ActiveCfg = Debug|x64
		{FEF7FBEC-51FF-425F-B036-96229D73006C}.Debug|x64.Build.0 = Debug|x64
		{FEF7FBEC-51FF-425F-B036-96229D73006C}.Debug|x86.ActiveCfg = Debug|Win32
		{FEF7FBEC-51FF-425F-B036-96229D73006C}.Debug|x86.Build.0 = Debug|Win32
		{FEF7FBEC-51FF-425F-B036-96229D73006C}.Release|x64.ActiveCfg = Release|x64
		{FEF7FBEC-51FF-425F-B036-96229D73006C}.Release|x64.Build.0 = Release|x64
		{FEF7FBEC-51FF-425F-B036-96229D73006C}.Release|x86.ActiveCfg = Release|Win32
		{FEF7FBEC-51FF-425F-B036-96229D73006C}.Release|x86.Build.0 = Release|Win32
	EndGlobalSection
	GlobalSection(SolutionProperties) = preSolution
		HideSolutionNode = FALSE
	EndGlobalSection
	GlobalSection(ExtensibilityGlobals) = postSolution
		SolutionGuid = {58A818B5-8E91-4263-A3CC-0934CA0B72C0}
	EndGlobalSection
EndGlobal
