
Microsoft Visual Studio Solution File, Format Version 12.00
# Visual Studio 15
VisualStudioVersion = 15.0.28307.1062
MinimumVisualStudioVersion = 10.0.40219.1
Project("{8BC9CEB8-8B4A-11D0-8D11-00A0C91BC942}") = "test_5.15", "test_5.15\test_5.15.vcxproj", "{BFF35891-72DC-4EDD-83A3-8A12E23F0D5C}"
EndProject
Global
	GlobalSection(SolutionConfigurationPlatforms) = preSolution
		Debug|x64 = Debug|x64
		Debug|x86 = Debug|x86
		Release|x64 = Release|x64
		Release|x86 = Release|x86
	EndGlobalSection
	GlobalSection(ProjectConfigurationPlatforms) = postSolution
		{BFF35891-72DC-4EDD-83A3-8A12E23F0D5C}.Debug|x64.ActiveCfg = Debug|x64
		{BFF35891-72DC-4EDD-83A3-8A12E23F0D5C}.Debug|x64.Build.0 = Debug|x64
		{BFF35891-72DC-4EDD-83A3-8A12E23F0D5C}.Debug|x86.ActiveCfg = Debug|Win32
		{BFF35891-72DC-4EDD-83A3-8A12E23F0D5C}.Debug|x86.Build.0 = Debug|Win32
		{BFF35891-72DC-4EDD-83A3-8A12E23F0D5C}.Release|x64.ActiveCfg = Release|x64
		{BFF35891-72DC-4EDD-83A3-8A12E23F0D5C}.Release|x64.Build.0 = Release|x64
		{BFF35891-72DC-4EDD-83A3-8A12E23F0D5C}.Release|x86.ActiveCfg = Release|Win32
		{BFF35891-72DC-4EDD-83A3-8A12E23F0D5C}.Release|x86.Build.0 = Release|Win32
	EndGlobalSection
	GlobalSection(SolutionProperties) = preSolution
		HideSolutionNode = FALSE
	EndGlobalSection
	GlobalSection(ExtensibilityGlobals) = postSolution
		SolutionGuid = {1EA97722-A8AA-448E-892B-11D9351F48A3}
	EndGlobalSection
EndGlobal
