
Microsoft Visual Studio Solution File, Format Version 12.00
# Visual Studio 15
VisualStudioVersion = 15.0.28307.1062
MinimumVisualStudioVersion = 10.0.40219.1
Project("{8BC9CEB8-8B4A-11D0-8D11-00A0C91BC942}") = "8_29_1", "8_29_1\8_29_1.vcxproj", "{528C160A-C45D-42A1-807F-36DAC9FB3884}"
EndProject
Global
	GlobalSection(SolutionConfigurationPlatforms) = preSolution
		Debug|x64 = Debug|x64
		Debug|x86 = Debug|x86
		Release|x64 = Release|x64
		Release|x86 = Release|x86
	EndGlobalSection
	GlobalSection(ProjectConfigurationPlatforms) = postSolution
		{528C160A-C45D-42A1-807F-36DAC9FB3884}.Debug|x64.ActiveCfg = Debug|x64
		{528C160A-C45D-42A1-807F-36DAC9FB3884}.Debug|x64.Build.0 = Debug|x64
		{528C160A-C45D-42A1-807F-36DAC9FB3884}.Debug|x86.ActiveCfg = Debug|Win32
		{528C160A-C45D-42A1-807F-36DAC9FB3884}.Debug|x86.Build.0 = Debug|Win32
		{528C160A-C45D-42A1-807F-36DAC9FB3884}.Release|x64.ActiveCfg = Release|x64
		{528C160A-C45D-42A1-807F-36DAC9FB3884}.Release|x64.Build.0 = Release|x64
		{528C160A-C45D-42A1-807F-36DAC9FB3884}.Release|x86.ActiveCfg = Release|Win32
		{528C160A-C45D-42A1-807F-36DAC9FB3884}.Release|x86.Build.0 = Release|Win32
	EndGlobalSection
	GlobalSection(SolutionProperties) = preSolution
		HideSolutionNode = FALSE
	EndGlobalSection
	GlobalSection(ExtensibilityGlobals) = postSolution
		SolutionGuid = {034878FD-79B8-4654-8EC7-1536728378EB}
	EndGlobalSection
EndGlobal
