
Microsoft Visual Studio Solution File, Format Version 12.00
# Visual Studio 15
VisualStudioVersion = 15.0.28307.1062
MinimumVisualStudioVersion = 10.0.40219.1
Project("{8BC9CEB8-8B4A-11D0-8D11-00A0C91BC942}") = "12-12-3", "12-12-3\12-12-3.vcxproj", "{8472B26D-54C6-4D2E-967E-36A9B5566D42}"
EndProject
Global
	GlobalSection(SolutionConfigurationPlatforms) = preSolution
		Debug|x64 = Debug|x64
		Debug|x86 = Debug|x86
		Release|x64 = Release|x64
		Release|x86 = Release|x86
	EndGlobalSection
	GlobalSection(ProjectConfigurationPlatforms) = postSolution
		{8472B26D-54C6-4D2E-967E-36A9B5566D42}.Debug|x64.ActiveCfg = Debug|x64
		{8472B26D-54C6-4D2E-967E-36A9B5566D42}.Debug|x64.Build.0 = Debug|x64
		{8472B26D-54C6-4D2E-967E-36A9B5566D42}.Debug|x86.ActiveCfg = Debug|Win32
		{8472B26D-54C6-4D2E-967E-36A9B5566D42}.Debug|x86.Build.0 = Debug|Win32
		{8472B26D-54C6-4D2E-967E-36A9B5566D42}.Release|x64.ActiveCfg = Release|x64
		{8472B26D-54C6-4D2E-967E-36A9B5566D42}.Release|x64.Build.0 = Release|x64
		{8472B26D-54C6-4D2E-967E-36A9B5566D42}.Release|x86.ActiveCfg = Release|Win32
		{8472B26D-54C6-4D2E-967E-36A9B5566D42}.Release|x86.Build.0 = Release|Win32
	EndGlobalSection
	GlobalSection(SolutionProperties) = preSolution
		HideSolutionNode = FALSE
	EndGlobalSection
	GlobalSection(ExtensibilityGlobals) = postSolution
		SolutionGuid = {215178EA-65D9-4B1E-9422-45EFE054FF88}
	EndGlobalSection
EndGlobal
