
Microsoft Visual Studio Solution File, Format Version 12.00
# Visual Studio 15
VisualStudioVersion = 15.0.28307.1062
MinimumVisualStudioVersion = 10.0.40219.1
Project("{8BC9CEB8-8B4A-11D0-8D11-00A0C91BC942}") = "10-22-2", "10-22-2\10-22-2.vcxproj", "{1DF517EB-B642-497F-8F55-B30E7C161EE7}"
EndProject
Global
	GlobalSection(SolutionConfigurationPlatforms) = preSolution
		Debug|x64 = Debug|x64
		Debug|x86 = Debug|x86
		Release|x64 = Release|x64
		Release|x86 = Release|x86
	EndGlobalSection
	GlobalSection(ProjectConfigurationPlatforms) = postSolution
		{1DF517EB-B642-497F-8F55-B30E7C161EE7}.Debug|x64.ActiveCfg = Debug|x64
		{1DF517EB-B642-497F-8F55-B30E7C161EE7}.Debug|x64.Build.0 = Debug|x64
		{1DF517EB-B642-497F-8F55-B30E7C161EE7}.Debug|x86.ActiveCfg = Debug|Win32
		{1DF517EB-B642-497F-8F55-B30E7C161EE7}.Debug|x86.Build.0 = Debug|Win32
		{1DF517EB-B642-497F-8F55-B30E7C161EE7}.Release|x64.ActiveCfg = Release|x64
		{1DF517EB-B642-497F-8F55-B30E7C161EE7}.Release|x64.Build.0 = Release|x64
		{1DF517EB-B642-497F-8F55-B30E7C161EE7}.Release|x86.ActiveCfg = Release|Win32
		{1DF517EB-B642-497F-8F55-B30E7C161EE7}.Release|x86.Build.0 = Release|Win32
	EndGlobalSection
	GlobalSection(SolutionProperties) = preSolution
		HideSolutionNode = FALSE
	EndGlobalSection
	GlobalSection(ExtensibilityGlobals) = postSolution
		SolutionGuid = {FB7313F3-F3BF-4094-AE37-9060F3A41175}
	EndGlobalSection
EndGlobal
