
Microsoft Visual Studio Solution File, Format Version 12.00
# Visual Studio 15
VisualStudioVersion = 15.0.28307.1062
MinimumVisualStudioVersion = 10.0.40219.1
Project("{8BC9CEB8-8B4A-11D0-8D11-00A0C91BC942}") = "day13_5.9", "day13_5.9\day13_5.9.vcxproj", "{39449D2A-33BA-4E22-92E2-A0642D953407}"
EndProject
Global
	GlobalSection(SolutionConfigurationPlatforms) = preSolution
		Debug|x64 = Debug|x64
		Debug|x86 = Debug|x86
		Release|x64 = Release|x64
		Release|x86 = Release|x86
	EndGlobalSection
	GlobalSection(ProjectConfigurationPlatforms) = postSolution
		{39449D2A-33BA-4E22-92E2-A0642D953407}.Debug|x64.ActiveCfg = Debug|x64
		{39449D2A-33BA-4E22-92E2-A0642D953407}.Debug|x64.Build.0 = Debug|x64
		{39449D2A-33BA-4E22-92E2-A0642D953407}.Debug|x86.ActiveCfg = Debug|Win32
		{39449D2A-33BA-4E22-92E2-A0642D953407}.Debug|x86.Build.0 = Debug|Win32
		{39449D2A-33BA-4E22-92E2-A0642D953407}.Release|x64.ActiveCfg = Release|x64
		{39449D2A-33BA-4E22-92E2-A0642D953407}.Release|x64.Build.0 = Release|x64
		{39449D2A-33BA-4E22-92E2-A0642D953407}.Release|x86.ActiveCfg = Release|Win32
		{39449D2A-33BA-4E22-92E2-A0642D953407}.Release|x86.Build.0 = Release|Win32
	EndGlobalSection
	GlobalSection(SolutionProperties) = preSolution
		HideSolutionNode = FALSE
	EndGlobalSection
	GlobalSection(ExtensibilityGlobals) = postSolution
		SolutionGuid = {2567BAE4-7727-4C18-9A22-3C61DBE9B935}
	EndGlobalSection
EndGlobal
