
Microsoft Visual Studio Solution File, Format Version 12.00
# Visual Studio 15
VisualStudioVersion = 15.0.28307.1062
MinimumVisualStudioVersion = 10.0.40219.1
Project("{8BC9CEB8-8B4A-11D0-8D11-00A0C91BC942}") = "8_27_2", "8_27_2\8_27_2.vcxproj", "{B72DD3B8-DF84-48D4-972A-3CDD1A948D88}"
EndProject
Global
	GlobalSection(SolutionConfigurationPlatforms) = preSolution
		Debug|x64 = Debug|x64
		Debug|x86 = Debug|x86
		Release|x64 = Release|x64
		Release|x86 = Release|x86
	EndGlobalSection
	GlobalSection(ProjectConfigurationPlatforms) = postSolution
		{B72DD3B8-DF84-48D4-972A-3CDD1A948D88}.Debug|x64.ActiveCfg = Debug|x64
		{B72DD3B8-DF84-48D4-972A-3CDD1A948D88}.Debug|x64.Build.0 = Debug|x64
		{B72DD3B8-DF84-48D4-972A-3CDD1A948D88}.Debug|x86.ActiveCfg = Debug|Win32
		{B72DD3B8-DF84-48D4-972A-3CDD1A948D88}.Debug|x86.Build.0 = Debug|Win32
		{B72DD3B8-DF84-48D4-972A-3CDD1A948D88}.Release|x64.ActiveCfg = Release|x64
		{B72DD3B8-DF84-48D4-972A-3CDD1A948D88}.Release|x64.Build.0 = Release|x64
		{B72DD3B8-DF84-48D4-972A-3CDD1A948D88}.Release|x86.ActiveCfg = Release|Win32
		{B72DD3B8-DF84-48D4-972A-3CDD1A948D88}.Release|x86.Build.0 = Release|Win32
	EndGlobalSection
	GlobalSection(SolutionProperties) = preSolution
		HideSolutionNode = FALSE
	EndGlobalSection
	GlobalSection(ExtensibilityGlobals) = postSolution
		SolutionGuid = {8631953B-0273-4393-81BD-E0ECFC993931}
	EndGlobalSection
EndGlobal
