
Microsoft Visual Studio Solution File, Format Version 12.00
# Visual Studio Version 16
VisualStudioVersion = 16.0.31321.278
MinimumVisualStudioVersion = 10.0.40219.1
Project("{8BC9CEB8-8B4A-11D0-8D11-00A0C91BC942}") = "hash_bisanlie", "hash_bisanlie\hash_bisanlie.vcxproj", "{9040D2E1-C9E2-42E6-89CB-3C296DE3DE3C}"
EndProject
Global
	GlobalSection(SolutionConfigurationPlatforms) = preSolution
		Debug|x64 = Debug|x64
		Debug|x86 = Debug|x86
		Release|x64 = Release|x64
		Release|x86 = Release|x86
	EndGlobalSection
	GlobalSection(ProjectConfigurationPlatforms) = postSolution
		{9040D2E1-C9E2-42E6-89CB-3C296DE3DE3C}.Debug|x64.ActiveCfg = Debug|x64
		{9040D2E1-C9E2-42E6-89CB-3C296DE3DE3C}.Debug|x64.Build.0 = Debug|x64
		{9040D2E1-C9E2-42E6-89CB-3C296DE3DE3C}.Debug|x86.ActiveCfg = Debug|Win32
		{9040D2E1-C9E2-42E6-89CB-3C296DE3DE3C}.Debug|x86.Build.0 = Debug|Win32
		{9040D2E1-C9E2-42E6-89CB-3C296DE3DE3C}.Release|x64.ActiveCfg = Release|x64
		{9040D2E1-C9E2-42E6-89CB-3C296DE3DE3C}.Release|x64.Build.0 = Release|x64
		{9040D2E1-C9E2-42E6-89CB-3C296DE3DE3C}.Release|x86.ActiveCfg = Release|Win32
		{9040D2E1-C9E2-42E6-89CB-3C296DE3DE3C}.Release|x86.Build.0 = Release|Win32
	EndGlobalSection
	GlobalSection(SolutionProperties) = preSolution
		HideSolutionNode = FALSE
	EndGlobalSection
	GlobalSection(ExtensibilityGlobals) = postSolution
		SolutionGuid = {5C0D6ADD-9A63-4E1E-9C47-D91C2670B7A9}
	EndGlobalSection
EndGlobal
