
Microsoft Visual Studio Solution File, Format Version 12.00
# Visual Studio 15
VisualStudioVersion = 15.0.28307.1062
MinimumVisualStudioVersion = 10.0.40219.1
Project("{8BC9CEB8-8B4A-11D0-8D11-00A0C91BC942}") = "11-22", "11-22\11-22.vcxproj", "{E42A2ACF-CC49-4EE3-83A1-93B9C5AFA7E4}"
EndProject
Global
	GlobalSection(SolutionConfigurationPlatforms) = preSolution
		Debug|x64 = Debug|x64
		Debug|x86 = Debug|x86
		Release|x64 = Release|x64
		Release|x86 = Release|x86
	EndGlobalSection
	GlobalSection(ProjectConfigurationPlatforms) = postSolution
		{E42A2ACF-CC49-4EE3-83A1-93B9C5AFA7E4}.Debug|x64.ActiveCfg = Debug|x64
		{E42A2ACF-CC49-4EE3-83A1-93B9C5AFA7E4}.Debug|x64.Build.0 = Debug|x64
		{E42A2ACF-CC49-4EE3-83A1-93B9C5AFA7E4}.Debug|x86.ActiveCfg = Debug|Win32
		{E42A2ACF-CC49-4EE3-83A1-93B9C5AFA7E4}.Debug|x86.Build.0 = Debug|Win32
		{E42A2ACF-CC49-4EE3-83A1-93B9C5AFA7E4}.Release|x64.ActiveCfg = Release|x64
		{E42A2ACF-CC49-4EE3-83A1-93B9C5AFA7E4}.Release|x64.Build.0 = Release|x64
		{E42A2ACF-CC49-4EE3-83A1-93B9C5AFA7E4}.Release|x86.ActiveCfg = Release|Win32
		{E42A2ACF-CC49-4EE3-83A1-93B9C5AFA7E4}.Release|x86.Build.0 = Release|Win32
	EndGlobalSection
	GlobalSection(SolutionProperties) = preSolution
		HideSolutionNode = FALSE
	EndGlobalSection
	GlobalSection(ExtensibilityGlobals) = postSolution
		SolutionGuid = {D779AD41-DB2E-4250-B088-4EF4FD8A4C58}
	EndGlobalSection
EndGlobal
