
Microsoft Visual Studio Solution File, Format Version 12.00
# Visual Studio 15
VisualStudioVersion = 15.0.28307.1062
MinimumVisualStudioVersion = 10.0.40219.1
Project("{8BC9CEB8-8B4A-11D0-8D11-00A0C91BC942}") = "2021-3-25-4", "2021-3-25-4\2021-3-25-4.vcxproj", "{E6019418-1968-4A5B-A711-351AB72DE48A}"
EndProject
Global
	GlobalSection(SolutionConfigurationPlatforms) = preSolution
		Debug|x64 = Debug|x64
		Debug|x86 = Debug|x86
		Release|x64 = Release|x64
		Release|x86 = Release|x86
	EndGlobalSection
	GlobalSection(ProjectConfigurationPlatforms) = postSolution
		{E6019418-1968-4A5B-A711-351AB72DE48A}.Debug|x64.ActiveCfg = Debug|x64
		{E6019418-1968-4A5B-A711-351AB72DE48A}.Debug|x64.Build.0 = Debug|x64
		{E6019418-1968-4A5B-A711-351AB72DE48A}.Debug|x86.ActiveCfg = Debug|Win32
		{E6019418-1968-4A5B-A711-351AB72DE48A}.Debug|x86.Build.0 = Debug|Win32
		{E6019418-1968-4A5B-A711-351AB72DE48A}.Release|x64.ActiveCfg = Release|x64
		{E6019418-1968-4A5B-A711-351AB72DE48A}.Release|x64.Build.0 = Release|x64
		{E6019418-1968-4A5B-A711-351AB72DE48A}.Release|x86.ActiveCfg = Release|Win32
		{E6019418-1968-4A5B-A711-351AB72DE48A}.Release|x86.Build.0 = Release|Win32
	EndGlobalSection
	GlobalSection(SolutionProperties) = preSolution
		HideSolutionNode = FALSE
	EndGlobalSection
	GlobalSection(ExtensibilityGlobals) = postSolution
		SolutionGuid = {8E39BD03-8F9D-4027-8F77-9533F3DBD1A1}
	EndGlobalSection
EndGlobal
