
Microsoft Visual Studio Solution File, Format Version 12.00
# Visual Studio 15
VisualStudioVersion = 15.0.28307.1062
MinimumVisualStudioVersion = 10.0.40219.1
Project("{8BC9CEB8-8B4A-11D0-8D11-00A0C91BC942}") = "practice4.12-2", "practice4.12-2\practice4.12-2.vcxproj", "{A064EC2A-DFAA-43BD-9868-75D9BDDD465B}"
EndProject
Global
	GlobalSection(SolutionConfigurationPlatforms) = preSolution
		Debug|x64 = Debug|x64
		Debug|x86 = Debug|x86
		Release|x64 = Release|x64
		Release|x86 = Release|x86
	EndGlobalSection
	GlobalSection(ProjectConfigurationPlatforms) = postSolution
		{A064EC2A-DFAA-43BD-9868-75D9BDDD465B}.Debug|x64.ActiveCfg = Debug|x64
		{A064EC2A-DFAA-43BD-9868-75D9BDDD465B}.Debug|x64.Build.0 = Debug|x64
		{A064EC2A-DFAA-43BD-9868-75D9BDDD465B}.Debug|x86.ActiveCfg = Debug|Win32
		{A064EC2A-DFAA-43BD-9868-75D9BDDD465B}.Debug|x86.Build.0 = Debug|Win32
		{A064EC2A-DFAA-43BD-9868-75D9BDDD465B}.Release|x64.ActiveCfg = Release|x64
		{A064EC2A-DFAA-43BD-9868-75D9BDDD465B}.Release|x64.Build.0 = Release|x64
		{A064EC2A-DFAA-43BD-9868-75D9BDDD465B}.Release|x86.ActiveCfg = Release|Win32
		{A064EC2A-DFAA-43BD-9868-75D9BDDD465B}.Release|x86.Build.0 = Release|Win32
	EndGlobalSection
	GlobalSection(SolutionProperties) = preSolution
		HideSolutionNode = FALSE
	EndGlobalSection
	GlobalSection(ExtensibilityGlobals) = postSolution
		SolutionGuid = {A8EFD8A9-329F-4E4C-8539-A5590AD8FC5E}
	EndGlobalSection
EndGlobal
