
Microsoft Visual Studio Solution File, Format Version 12.00
# Visual Studio 15
VisualStudioVersion = 15.0.28307.1062
MinimumVisualStudioVersion = 10.0.40219.1
Project("{8BC9CEB8-8B4A-11D0-8D11-00A0C91BC942}") = "9-11-3", "9-11-3\9-11-3.vcxproj", "{8BFB1F51-10A7-4DB0-B528-77C7C4D55B60}"
EndProject
Global
	GlobalSection(SolutionConfigurationPlatforms) = preSolution
		Debug|x64 = Debug|x64
		Debug|x86 = Debug|x86
		Release|x64 = Release|x64
		Release|x86 = Release|x86
	EndGlobalSection
	GlobalSection(ProjectConfigurationPlatforms) = postSolution
		{8BFB1F51-10A7-4DB0-B528-77C7C4D55B60}.Debug|x64.ActiveCfg = Debug|x64
		{8BFB1F51-10A7-4DB0-B528-77C7C4D55B60}.Debug|x64.Build.0 = Debug|x64
		{8BFB1F51-10A7-4DB0-B528-77C7C4D55B60}.Debug|x86.ActiveCfg = Debug|Win32
		{8BFB1F51-10A7-4DB0-B528-77C7C4D55B60}.Debug|x86.Build.0 = Debug|Win32
		{8BFB1F51-10A7-4DB0-B528-77C7C4D55B60}.Release|x64.ActiveCfg = Release|x64
		{8BFB1F51-10A7-4DB0-B528-77C7C4D55B60}.Release|x64.Build.0 = Release|x64
		{8BFB1F51-10A7-4DB0-B528-77C7C4D55B60}.Release|x86.ActiveCfg = Release|Win32
		{8BFB1F51-10A7-4DB0-B528-77C7C4D55B60}.Release|x86.Build.0 = Release|Win32
	EndGlobalSection
	GlobalSection(SolutionProperties) = preSolution
		HideSolutionNode = FALSE
	EndGlobalSection
	GlobalSection(ExtensibilityGlobals) = postSolution
		SolutionGuid = {5C0860B4-DA7D-4FBF-A3A0-AE7EB06049F8}
	EndGlobalSection
EndGlobal
