
Microsoft Visual Studio Solution File, Format Version 12.00
# Visual Studio 15
VisualStudioVersion = 15.0.28307.1062
MinimumVisualStudioVersion = 10.0.40219.1
Project("{8BC9CEB8-8B4A-11D0-8D11-00A0C91BC942}") = "test5.4", "test5.4\test5.4.vcxproj", "{4592C060-CF3C-4D59-8FAF-36733515F907}"
EndProject
Global
	GlobalSection(SolutionConfigurationPlatforms) = preSolution
		Debug|x64 = Debug|x64
		Debug|x86 = Debug|x86
		Release|x64 = Release|x64
		Release|x86 = Release|x86
	EndGlobalSection
	GlobalSection(ProjectConfigurationPlatforms) = postSolution
		{4592C060-CF3C-4D59-8FAF-36733515F907}.Debug|x64.ActiveCfg = Debug|x64
		{4592C060-CF3C-4D59-8FAF-36733515F907}.Debug|x64.Build.0 = Debug|x64
		{4592C060-CF3C-4D59-8FAF-36733515F907}.Debug|x86.ActiveCfg = Debug|Win32
		{4592C060-CF3C-4D59-8FAF-36733515F907}.Debug|x86.Build.0 = Debug|Win32
		{4592C060-CF3C-4D59-8FAF-36733515F907}.Release|x64.ActiveCfg = Release|x64
		{4592C060-CF3C-4D59-8FAF-36733515F907}.Release|x64.Build.0 = Release|x64
		{4592C060-CF3C-4D59-8FAF-36733515F907}.Release|x86.ActiveCfg = Release|Win32
		{4592C060-CF3C-4D59-8FAF-36733515F907}.Release|x86.Build.0 = Release|Win32
	EndGlobalSection
	GlobalSection(SolutionProperties) = preSolution
		HideSolutionNode = FALSE
	EndGlobalSection
	GlobalSection(ExtensibilityGlobals) = postSolution
		SolutionGuid = {841915B8-5F32-469F-B480-6500967371D6}
	EndGlobalSection
EndGlobal
