
Microsoft Visual Studio Solution File, Format Version 12.00
# Visual Studio 15
VisualStudioVersion = 15.0.28307.1062
MinimumVisualStudioVersion = 10.0.40219.1
Project("{8BC9CEB8-8B4A-11D0-8D11-00A0C91BC942}") = "practice12-7", "practice12-7\practice12-7.vcxproj", "{A76B907E-7C02-4713-9DFE-70D06CFDAEB5}"
EndProject
Global
	GlobalSection(SolutionConfigurationPlatforms) = preSolution
		Debug|x64 = Debug|x64
		Debug|x86 = Debug|x86
		Release|x64 = Release|x64
		Release|x86 = Release|x86
	EndGlobalSection
	GlobalSection(ProjectConfigurationPlatforms) = postSolution
		{A76B907E-7C02-4713-9DFE-70D06CFDAEB5}.Debug|x64.ActiveCfg = Debug|x64
		{A76B907E-7C02-4713-9DFE-70D06CFDAEB5}.Debug|x64.Build.0 = Debug|x64
		{A76B907E-7C02-4713-9DFE-70D06CFDAEB5}.Debug|x86.ActiveCfg = Debug|Win32
		{A76B907E-7C02-4713-9DFE-70D06CFDAEB5}.Debug|x86.Build.0 = Debug|Win32
		{A76B907E-7C02-4713-9DFE-70D06CFDAEB5}.Release|x64.ActiveCfg = Release|x64
		{A76B907E-7C02-4713-9DFE-70D06CFDAEB5}.Release|x64.Build.0 = Release|x64
		{A76B907E-7C02-4713-9DFE-70D06CFDAEB5}.Release|x86.ActiveCfg = Release|Win32
		{A76B907E-7C02-4713-9DFE-70D06CFDAEB5}.Release|x86.Build.0 = Release|Win32
	EndGlobalSection
	GlobalSection(SolutionProperties) = preSolution
		HideSolutionNode = FALSE
	EndGlobalSection
	GlobalSection(ExtensibilityGlobals) = postSolution
		SolutionGuid = {71643E42-F601-443C-839B-DCCFFC7406FB}
	EndGlobalSection
EndGlobal
