
Microsoft Visual Studio Solution File, Format Version 12.00
# Visual Studio 15
VisualStudioVersion = 15.0.28307.1062
MinimumVisualStudioVersion = 10.0.40219.1
Project("{8BC9CEB8-8B4A-11D0-8D11-00A0C91BC942}") = "11-14", "11-14\11-14.vcxproj", "{9A2B4AB5-3EA3-4515-9625-C9D478D471C7}"
EndProject
Global
	GlobalSection(SolutionConfigurationPlatforms) = preSolution
		Debug|x64 = Debug|x64
		Debug|x86 = Debug|x86
		Release|x64 = Release|x64
		Release|x86 = Release|x86
	EndGlobalSection
	GlobalSection(ProjectConfigurationPlatforms) = postSolution
		{9A2B4AB5-3EA3-4515-9625-C9D478D471C7}.Debug|x64.ActiveCfg = Debug|x64
		{9A2B4AB5-3EA3-4515-9625-C9D478D471C7}.Debug|x64.Build.0 = Debug|x64
		{9A2B4AB5-3EA3-4515-9625-C9D478D471C7}.Debug|x86.ActiveCfg = Debug|Win32
		{9A2B4AB5-3EA3-4515-9625-C9D478D471C7}.Debug|x86.Build.0 = Debug|Win32
		{9A2B4AB5-3EA3-4515-9625-C9D478D471C7}.Release|x64.ActiveCfg = Release|x64
		{9A2B4AB5-3EA3-4515-9625-C9D478D471C7}.Release|x64.Build.0 = Release|x64
		{9A2B4AB5-3EA3-4515-9625-C9D478D471C7}.Release|x86.ActiveCfg = Release|Win32
		{9A2B4AB5-3EA3-4515-9625-C9D478D471C7}.Release|x86.Build.0 = Release|Win32
	EndGlobalSection
	GlobalSection(SolutionProperties) = preSolution
		HideSolutionNode = FALSE
	EndGlobalSection
	GlobalSection(ExtensibilityGlobals) = postSolution
		SolutionGuid = {21E10601-BC0D-4AA4-AC14-8DC9E19DCBE4}
	EndGlobalSection
EndGlobal
