
Microsoft Visual Studio Solution File, Format Version 12.00
# Visual Studio 15
VisualStudioVersion = 15.0.28307.1062
MinimumVisualStudioVersion = 10.0.40219.1
Project("{8BC9CEB8-8B4A-11D0-8D11-00A0C91BC942}") = "9-13-2", "9-13-2\9-13-2.vcxproj", "{BFC1E875-6D7D-4F99-8D15-A4E1A3E99647}"
EndProject
Global
	GlobalSection(SolutionConfigurationPlatforms) = preSolution
		Debug|x64 = Debug|x64
		Debug|x86 = Debug|x86
		Release|x64 = Release|x64
		Release|x86 = Release|x86
	EndGlobalSection
	GlobalSection(ProjectConfigurationPlatforms) = postSolution
		{BFC1E875-6D7D-4F99-8D15-A4E1A3E99647}.Debug|x64.ActiveCfg = Debug|x64
		{BFC1E875-6D7D-4F99-8D15-A4E1A3E99647}.Debug|x64.Build.0 = Debug|x64
		{BFC1E875-6D7D-4F99-8D15-A4E1A3E99647}.Debug|x86.ActiveCfg = Debug|Win32
		{BFC1E875-6D7D-4F99-8D15-A4E1A3E99647}.Debug|x86.Build.0 = Debug|Win32
		{BFC1E875-6D7D-4F99-8D15-A4E1A3E99647}.Release|x64.ActiveCfg = Release|x64
		{BFC1E875-6D7D-4F99-8D15-A4E1A3E99647}.Release|x64.Build.0 = Release|x64
		{BFC1E875-6D7D-4F99-8D15-A4E1A3E99647}.Release|x86.ActiveCfg = Release|Win32
		{BFC1E875-6D7D-4F99-8D15-A4E1A3E99647}.Release|x86.Build.0 = Release|Win32
	EndGlobalSection
	GlobalSection(SolutionProperties) = preSolution
		HideSolutionNode = FALSE
	EndGlobalSection
	GlobalSection(ExtensibilityGlobals) = postSolution
		SolutionGuid = {D8511383-8C3B-47FC-84DF-6DF693EEB414}
	EndGlobalSection
EndGlobal
