
Microsoft Visual Studio Solution File, Format Version 12.00
# Visual Studio 15
VisualStudioVersion = 15.0.28307.1525
MinimumVisualStudioVersion = 10.0.40219.1
Project("{8BC9CEB8-8B4A-11D0-8D11-00A0C91BC942}") = "test_7.2", "test_7.2\test_7.2.vcxproj", "{BE764961-0EF1-44BA-8D20-1E519B468F15}"
EndProject
Global
	GlobalSection(SolutionConfigurationPlatforms) = preSolution
		Debug|x64 = Debug|x64
		Debug|x86 = Debug|x86
		Release|x64 = Release|x64
		Release|x86 = Release|x86
	EndGlobalSection
	GlobalSection(ProjectConfigurationPlatforms) = postSolution
		{BE764961-0EF1-44BA-8D20-1E519B468F15}.Debug|x64.ActiveCfg = Debug|x64
		{BE764961-0EF1-44BA-8D20-1E519B468F15}.Debug|x64.Build.0 = Debug|x64
		{BE764961-0EF1-44BA-8D20-1E519B468F15}.Debug|x86.ActiveCfg = Debug|Win32
		{BE764961-0EF1-44BA-8D20-1E519B468F15}.Debug|x86.Build.0 = Debug|Win32
		{BE764961-0EF1-44BA-8D20-1E519B468F15}.Release|x64.ActiveCfg = Release|x64
		{BE764961-0EF1-44BA-8D20-1E519B468F15}.Release|x64.Build.0 = Release|x64
		{BE764961-0EF1-44BA-8D20-1E519B468F15}.Release|x86.ActiveCfg = Release|Win32
		{BE764961-0EF1-44BA-8D20-1E519B468F15}.Release|x86.Build.0 = Release|Win32
	EndGlobalSection
	GlobalSection(SolutionProperties) = preSolution
		HideSolutionNode = FALSE
	EndGlobalSection
	GlobalSection(ExtensibilityGlobals) = postSolution
		SolutionGuid = {65DB017E-805B-43B9-9A43-7F015E8CCEBE}
	EndGlobalSection
EndGlobal
