
Microsoft Visual Studio Solution File, Format Version 12.00
# Visual Studio 15
VisualStudioVersion = 15.0.28307.1062
MinimumVisualStudioVersion = 10.0.40219.1
Project("{8BC9CEB8-8B4A-11D0-8D11-00A0C91BC942}") = "8_10", "8_10\8_10.vcxproj", "{FC48AC04-F2C3-43E1-B2DD-12A28F91DF7D}"
EndProject
Global
	GlobalSection(SolutionConfigurationPlatforms) = preSolution
		Debug|x64 = Debug|x64
		Debug|x86 = Debug|x86
		Release|x64 = Release|x64
		Release|x86 = Release|x86
	EndGlobalSection
	GlobalSection(ProjectConfigurationPlatforms) = postSolution
		{FC48AC04-F2C3-43E1-B2DD-12A28F91DF7D}.Debug|x64.ActiveCfg = Debug|x64
		{FC48AC04-F2C3-43E1-B2DD-12A28F91DF7D}.Debug|x64.Build.0 = Debug|x64
		{FC48AC04-F2C3-43E1-B2DD-12A28F91DF7D}.Debug|x86.ActiveCfg = Debug|Win32
		{FC48AC04-F2C3-43E1-B2DD-12A28F91DF7D}.Debug|x86.Build.0 = Debug|Win32
		{FC48AC04-F2C3-43E1-B2DD-12A28F91DF7D}.Release|x64.ActiveCfg = Release|x64
		{FC48AC04-F2C3-43E1-B2DD-12A28F91DF7D}.Release|x64.Build.0 = Release|x64
		{FC48AC04-F2C3-43E1-B2DD-12A28F91DF7D}.Release|x86.ActiveCfg = Release|Win32
		{FC48AC04-F2C3-43E1-B2DD-12A28F91DF7D}.Release|x86.Build.0 = Release|Win32
	EndGlobalSection
	GlobalSection(SolutionProperties) = preSolution
		HideSolutionNode = FALSE
	EndGlobalSection
	GlobalSection(ExtensibilityGlobals) = postSolution
		SolutionGuid = {870FBF25-20FD-471A-9582-9733B3E47F8C}
	EndGlobalSection
EndGlobal
