
Microsoft Visual Studio Solution File, Format Version 12.00
# Visual Studio 15
VisualStudioVersion = 15.0.28307.1525
MinimumVisualStudioVersion = 10.0.40219.1
Project("{8BC9CEB8-8B4A-11D0-8D11-00A0C91BC942}") = "test_9.28", "test_9.28\test_9.28.vcxproj", "{142990E1-985E-4404-B9AF-A1A28F64076C}"
EndProject
Global
	GlobalSection(SolutionConfigurationPlatforms) = preSolution
		Debug|x64 = Debug|x64
		Debug|x86 = Debug|x86
		Release|x64 = Release|x64
		Release|x86 = Release|x86
	EndGlobalSection
	GlobalSection(ProjectConfigurationPlatforms) = postSolution
		{142990E1-985E-4404-B9AF-A1A28F64076C}.Debug|x64.ActiveCfg = Debug|x64
		{142990E1-985E-4404-B9AF-A1A28F64076C}.Debug|x64.Build.0 = Debug|x64
		{142990E1-985E-4404-B9AF-A1A28F64076C}.Debug|x86.ActiveCfg = Debug|Win32
		{142990E1-985E-4404-B9AF-A1A28F64076C}.Debug|x86.Build.0 = Debug|Win32
		{142990E1-985E-4404-B9AF-A1A28F64076C}.Release|x64.ActiveCfg = Release|x64
		{142990E1-985E-4404-B9AF-A1A28F64076C}.Release|x64.Build.0 = Release|x64
		{142990E1-985E-4404-B9AF-A1A28F64076C}.Release|x86.ActiveCfg = Release|Win32
		{142990E1-985E-4404-B9AF-A1A28F64076C}.Release|x86.Build.0 = Release|Win32
	EndGlobalSection
	GlobalSection(SolutionProperties) = preSolution
		HideSolutionNode = FALSE
	EndGlobalSection
	GlobalSection(ExtensibilityGlobals) = postSolution
		SolutionGuid = {5D3ACB7B-F006-4C80-9B05-123E93E7B693}
	EndGlobalSection
EndGlobal
