
Microsoft Visual Studio Solution File, Format Version 12.00
# Visual Studio 15
VisualStudioVersion = 15.0.28307.1062
MinimumVisualStudioVersion = 10.0.40219.1
Project("{8BC9CEB8-8B4A-11D0-8D11-00A0C91BC942}") = "11-22-2", "11-22-2\11-22-2.vcxproj", "{ECF45F9F-21AB-4E8E-AF71-073364A0B02B}"
EndProject
Global
	GlobalSection(SolutionConfigurationPlatforms) = preSolution
		Debug|x64 = Debug|x64
		Debug|x86 = Debug|x86
		Release|x64 = Release|x64
		Release|x86 = Release|x86
	EndGlobalSection
	GlobalSection(ProjectConfigurationPlatforms) = postSolution
		{ECF45F9F-21AB-4E8E-AF71-073364A0B02B}.Debug|x64.ActiveCfg = Debug|x64
		{ECF45F9F-21AB-4E8E-AF71-073364A0B02B}.Debug|x64.Build.0 = Debug|x64
		{ECF45F9F-21AB-4E8E-AF71-073364A0B02B}.Debug|x86.ActiveCfg = Debug|Win32
		{ECF45F9F-21AB-4E8E-AF71-073364A0B02B}.Debug|x86.Build.0 = Debug|Win32
		{ECF45F9F-21AB-4E8E-AF71-073364A0B02B}.Release|x64.ActiveCfg = Release|x64
		{ECF45F9F-21AB-4E8E-AF71-073364A0B02B}.Release|x64.Build.0 = Release|x64
		{ECF45F9F-21AB-4E8E-AF71-073364A0B02B}.Release|x86.ActiveCfg = Release|Win32
		{ECF45F9F-21AB-4E8E-AF71-073364A0B02B}.Release|x86.Build.0 = Release|Win32
	EndGlobalSection
	GlobalSection(SolutionProperties) = preSolution
		HideSolutionNode = FALSE
	EndGlobalSection
	GlobalSection(ExtensibilityGlobals) = postSolution
		SolutionGuid = {9EB7F184-55F2-49C2-A051-6CF7457206C9}
	EndGlobalSection
EndGlobal
